
Microsoft Visual Studio Solution File, Format Version 12.00
# Visual Studio Version 17
VisualStudioVersion = 17.13.35919.96 d17.13
MinimumVisualStudioVersion = 10.0.40219.1
Project("{F184B08F-C81C-45F6-A57F-5ABD9991F28F}") = "ToDo_List", "ToDo_List\ToDo_List.vbproj", "{5C4218D7-0EA4-40C4-AC8F-B824CA6103ED}"
EndProject
Global
	GlobalSection(SolutionConfigurationPlatforms) = preSolution
		Debug|Any CPU = Debug|Any CPU
		Release|Any CPU = Release|Any CPU
	EndGlobalSection
	GlobalSection(ProjectConfigurationPlatforms) = postSolution
		{5C4218D7-0EA4-40C4-AC8F-B824CA6103ED}.Debug|Any CPU.ActiveCfg = Debug|Any CPU
		{5C4218D7-0EA4-40C4-AC8F-B824CA6103ED}.Debug|Any CPU.Build.0 = Debug|Any CPU
		{5C4218D7-0EA4-40C4-AC8F-B824CA6103ED}.Release|Any CPU.ActiveCfg = Release|Any CPU
		{5C4218D7-0EA4-40C4-AC8F-B824CA6103ED}.Release|Any CPU.Build.0 = Release|Any CPU
	EndGlobalSection
	GlobalSection(SolutionProperties) = preSolution
		HideSolutionNode = FALSE
	EndGlobalSection
	GlobalSection(ExtensibilityGlobals) = postSolution
		SolutionGuid = {74A85AA8-6353-4FD0-B824-FAB7C78E080C}
	EndGlobalSection
EndGlobal
